
Microsoft Visual Studio Solution File, Format Version 12.00
# Visual Studio Version 17
VisualStudioVersion = 17.10.35122.118
MinimumVisualStudioVersion = 10.0.40219.1
Project("{8BC9CEB8-8B4A-11D0-8D11-00A0C91BC942}") = "FromMemoryChallenge", "FromMemoryChallenge\FromMemoryChallenge.vcxproj", "{3E265860-7782-41A6-9A9A-6FFEF599E37C}"
EndProject
Global
	GlobalSection(SolutionConfigurationPlatforms) = preSolution
		Debug|x64 = Debug|x64
		Debug|x86 = Debug|x86
		Release|x64 = Release|x64
		Release|x86 = Release|x86
	EndGlobalSection
	GlobalSection(ProjectConfigurationPlatforms) = postSolution
		{3E265860-7782-41A6-9A9A-6FFEF599E37C}.Debug|x64.ActiveCfg = Debug|x64
		{3E265860-7782-41A6-9A9A-6FFEF599E37C}.Debug|x64.Build.0 = Debug|x64
		{3E265860-7782-41A6-9A9A-6FFEF599E37C}.Debug|x86.ActiveCfg = Debug|Win32
		{3E265860-7782-41A6-9A9A-6FFEF599E37C}.Debug|x86.Build.0 = Debug|Win32
		{3E265860-7782-41A6-9A9A-6FFEF599E37C}.Release|x64.ActiveCfg = Release|x64
		{3E265860-7782-41A6-9A9A-6FFEF599E37C}.Release|x64.Build.0 = Release|x64
		{3E265860-7782-41A6-9A9A-6FFEF599E37C}.Release|x86.ActiveCfg = Release|Win32
		{3E265860-7782-41A6-9A9A-6FFEF599E37C}.Release|x86.Build.0 = Release|Win32
	EndGlobalSection
	GlobalSection(SolutionProperties) = preSolution
		HideSolutionNode = FALSE
	EndGlobalSection
	GlobalSection(ExtensibilityGlobals) = postSolution
		SolutionGuid = {FA7ABE82-392E-4E58-BCB5-65718E4E56D1}
	EndGlobalSection
EndGlobal
